
Microsoft Visual Studio Solution File, Format Version 12.00
# Visual Studio 15
VisualStudioVersion = 15.0.26124.0
MinimumVisualStudioVersion = 15.0.26124.0
Project("{FAE04EC0-301F-11D3-BF4B-00C04F79EFBC}") = "Application", "Application\Application.csproj", "{42F0A7D8-31DE-463B-B8BF-5BBCECEBED9B}"
EndProject
Project("{FAE04EC0-301F-11D3-BF4B-00C04F79EFBC}") = "Domain", "Domain\Domain.csproj", "{70BAF2FE-1ACB-461F-8E6C-0755FE2CE160}"
EndProject
Project("{FAE04EC0-301F-11D3-BF4B-00C04F79EFBC}") = "API", "API\API.csproj", "{DAD9D756-F0E1-4097-937C-A4957CFFE25A}"
EndProject
Project("{FAE04EC0-301F-11D3-BF4B-00C04F79EFBC}") = "Persistence", "Persistence\Persistence.csproj", "{FC839F53-3F7D-4C4D-8AC2-69729C86C950}"
EndProject
Global
	GlobalSection(SolutionConfigurationPlatforms) = preSolution
		Debug|Any CPU = Debug|Any CPU
		Debug|x64 = Debug|x64
		Debug|x86 = Debug|x86
		Release|Any CPU = Release|Any CPU
		Release|x64 = Release|x64
		Release|x86 = Release|x86
	EndGlobalSection
	GlobalSection(SolutionProperties) = preSolution
		HideSolutionNode = FALSE
	EndGlobalSection
	GlobalSection(ProjectConfigurationPlatforms) = postSolution
		{42F0A7D8-31DE-463B-B8BF-5BBCECEBED9B}.Debug|Any CPU.ActiveCfg = Debug|Any CPU
		{42F0A7D8-31DE-463B-B8BF-5BBCECEBED9B}.Debug|Any CPU.Build.0 = Debug|Any CPU
		{42F0A7D8-31DE-463B-B8BF-5BBCECEBED9B}.Debug|x64.ActiveCfg = Debug|Any CPU
		{42F0A7D8-31DE-463B-B8BF-5BBCECEBED9B}.Debug|x64.Build.0 = Debug|Any CPU
		{42F0A7D8-31DE-463B-B8BF-5BBCECEBED9B}.Debug|x86.ActiveCfg = Debug|Any CPU
		{42F0A7D8-31DE-463B-B8BF-5BBCECEBED9B}.Debug|x86.Build.0 = Debug|Any CPU
		{42F0A7D8-31DE-463B-B8BF-5BBCECEBED9B}.Release|Any CPU.ActiveCfg = Release|Any CPU
		{42F0A7D8-31DE-463B-B8BF-5BBCECEBED9B}.Release|Any CPU.Build.0 = Release|Any CPU
		{42F0A7D8-31DE-463B-B8BF-5BBCECEBED9B}.Release|x64.ActiveCfg = Release|Any CPU
		{42F0A7D8-31DE-463B-B8BF-5BBCECEBED9B}.Release|x64.Build.0 = Release|Any CPU
		{42F0A7D8-31DE-463B-B8BF-5BBCECEBED9B}.Release|x86.ActiveCfg = Release|Any CPU
		{42F0A7D8-31DE-463B-B8BF-5BBCECEBED9B}.Release|x86.Build.0 = Release|Any CPU
		{70BAF2FE-1ACB-461F-8E6C-0755FE2CE160}.Debug|Any CPU.ActiveCfg = Debug|Any CPU
		{70BAF2FE-1ACB-461F-8E6C-0755FE2CE160}.Debug|Any CPU.Build.0 = Debug|Any CPU
		{70BAF2FE-1ACB-461F-8E6C-0755FE2CE160}.Debug|x64.ActiveCfg = Debug|Any CPU
		{70BAF2FE-1ACB-461F-8E6C-0755FE2CE160}.Debug|x64.Build.0 = Debug|Any CPU
		{70BAF2FE-1ACB-461F-8E6C-0755FE2CE160}.Debug|x86.ActiveCfg = Debug|Any CPU
		{70BAF2FE-1ACB-461F-8E6C-0755FE2CE160}.Debug|x86.Build.0 = Debug|Any CPU
		{70BAF2FE-1ACB-461F-8E6C-0755FE2CE160}.Release|Any CPU.ActiveCfg = Release|Any CPU
		{70BAF2FE-1ACB-461F-8E6C-0755FE2CE160}.Release|Any CPU.Build.0 = Release|Any CPU
		{70BAF2FE-1ACB-461F-8E6C-0755FE2CE160}.Release|x64.ActiveCfg = Release|Any CPU
		{70BAF2FE-1ACB-461F-8E6C-0755FE2CE160}.Release|x64.Build.0 = Release|Any CPU
		{70BAF2FE-1ACB-461F-8E6C-0755FE2CE160}.Release|x86.ActiveCfg = Release|Any CPU
		{70BAF2FE-1ACB-461F-8E6C-0755FE2CE160}.Release|x86.Build.0 = Release|Any CPU
		{DAD9D756-F0E1-4097-937C-A4957CFFE25A}.Debug|Any CPU.ActiveCfg = Debug|Any CPU
		{DAD9D756-F0E1-4097-937C-A4957CFFE25A}.Debug|Any CPU.Build.0 = Debug|Any CPU
		{DAD9D756-F0E1-4097-937C-A4957CFFE25A}.Debug|x64.ActiveCfg = Debug|Any CPU
		{DAD9D756-F0E1-4097-937C-A4957CFFE25A}.Debug|x64.Build.0 = Debug|Any CPU
		{DAD9D756-F0E1-4097-937C-A4957CFFE25A}.Debug|x86.ActiveCfg = Debug|Any CPU
		{DAD9D756-F0E1-4097-937C-A4957CFFE25A}.Debug|x86.Build.0 = Debug|Any CPU
		{DAD9D756-F0E1-4097-937C-A4957CFFE25A}.Release|Any CPU.ActiveCfg = Release|Any CPU
		{DAD9D756-F0E1-4097-937C-A4957CFFE25A}.Release|Any CPU.Build.0 = Release|Any CPU
		{DAD9D756-F0E1-4097-937C-A4957CFFE25A}.Release|x64.ActiveCfg = Release|Any CPU
		{DAD9D756-F0E1-4097-937C-A4957CFFE25A}.Release|x64.Build.0 = Release|Any CPU
		{DAD9D756-F0E1-4097-937C-A4957CFFE25A}.Release|x86.ActiveCfg = Release|Any CPU
		{DAD9D756-F0E1-4097-937C-A4957CFFE25A}.Release|x86.Build.0 = Release|Any CPU
		{FC839F53-3F7D-4C4D-8AC2-69729C86C950}.Debug|Any CPU.ActiveCfg = Debug|Any CPU
		{FC839F53-3F7D-4C4D-8AC2-69729C86C950}.Debug|Any CPU.Build.0 = Debug|Any CPU
		{FC839F53-3F7D-4C4D-8AC2-69729C86C950}.Debug|x64.ActiveCfg = Debug|Any CPU
		{FC839F53-3F7D-4C4D-8AC2-69729C86C950}.Debug|x64.Build.0 = Debug|Any CPU
		{FC839F53-3F7D-4C4D-8AC2-69729C86C950}.Debug|x86.ActiveCfg = Debug|Any CPU
		{FC839F53-3F7D-4C4D-8AC2-69729C86C950}.Debug|x86.Build.0 = Debug|Any CPU
		{FC839F53-3F7D-4C4D-8AC2-69729C86C950}.Release|Any CPU.ActiveCfg = Release|Any CPU
		{FC839F53-3F7D-4C4D-8AC2-69729C86C950}.Release|Any CPU.Build.0 = Release|Any CPU
		{FC839F53-3F7D-4C4D-8AC2-69729C86C950}.Release|x64.ActiveCfg = Release|Any CPU
		{FC839F53-3F7D-4C4D-8AC2-69729C86C950}.Release|x64.Build.0 = Release|Any CPU
		{FC839F53-3F7D-4C4D-8AC2-69729C86C950}.Release|x86.ActiveCfg = Release|Any CPU
		{FC839F53-3F7D-4C4D-8AC2-69729C86C950}.Release|x86.Build.0 = Release|Any CPU
	EndGlobalSection
EndGlobal
